// !$*UTF8*$!
{
	archiveVersion = 1;
	classes = {
	};
	objectVersion = 56;
	objects = {

/* Begin PBXBuildFile section */
		AC671A222BBDBF22001E2F88 /* AppDelegate.swift in Sources */ = {isa = PBXBuildFile; fileRef = AC671A212BBDBF22001E2F88 /* AppDelegate.swift */; };
		AC671A242BBDBF22001E2F88 /* SceneDelegate.swift in Sources */ = {isa = PBXBuildFile; fileRef = AC671A232BBDBF22001E2F88 /* SceneDelegate.swift */; };
		AC671A262BBDBF22001E2F88 /* ViewController.swift in Sources */ = {isa = PBXBuildFile; fileRef = AC671A252BBDBF22001E2F88 /* ViewController.swift */; };
		AC671A292BBDBF22001E2F88 /* Base in Resources */ = {isa = PBXBuildFile; fileRef = AC671A282BBDBF22001E2F88 /* Base */; };
		AC671A2B2BBDBF23001E2F88 /* Assets.xcassets in Resources */ = {isa = PBXBuildFile; fileRef = AC671A2A2BBDBF23001E2F88 /* Assets.xcassets */; };
		AC671A2E2BBDBF23001E2F88 /* Base in Resources */ = {isa = PBXBuildFile; fileRef = AC671A2D2BBDBF23001E2F88 /* Base */; };
		AC671A362BBDC01B001E2F88 /* MainTabBarController.swift in Sources */ = {isa = PBXBuildFile; fileRef = AC671A352BBDC01B001E2F88 /* MainTabBarController.swift */; };
		AC671A382BBDC0D4001E2F88 /* SearchViewController.swift in Sources */ = {isa = PBXBuildFile; fileRef = AC671A372BBDC0D4001E2F88 /* SearchViewController.swift */; };
		AC68D5CD2BBF250500F202E5 /* TrackModel.swift in Sources */ = {isa = PBXBuildFile; fileRef = AC68D5CC2BBF250500F202E5 /* TrackModel.swift */; };
/* End PBXBuildFile section */

/* Begin PBXFileReference section */
		AC671A1E2BBDBF22001E2F88 /* MusicBox.app */ = {isa = PBXFileReference; explicitFileType = wrapper.application; includeInIndex = 0; path = MusicBox.app; sourceTree = BUILT_PRODUCTS_DIR; };
		AC671A212BBDBF22001E2F88 /* AppDelegate.swift */ = {isa = PBXFileReference; lastKnownFileType = sourcecode.swift; path = AppDelegate.swift; sourceTree = "<group>"; };
		AC671A232BBDBF22001E2F88 /* SceneDelegate.swift */ = {isa = PBXFileReference; lastKnownFileType = sourcecode.swift; path = SceneDelegate.swift; sourceTree = "<group>"; };
		AC671A252BBDBF22001E2F88 /* ViewController.swift */ = {isa = PBXFileReference; lastKnownFileType = sourcecode.swift; path = ViewController.swift; sourceTree = "<group>"; };
		AC671A282BBDBF22001E2F88 /* Base */ = {isa = PBXFileReference; lastKnownFileType = file.storyboard; name = Base; path = Base.lproj/Main.storyboard; sourceTree = "<group>"; };
		AC671A2A2BBDBF23001E2F88 /* Assets.xcassets */ = {isa = PBXFileReference; lastKnownFileType = folder.assetcatalog; path = Assets.xcassets; sourceTree = "<group>"; };
		AC671A2D2BBDBF23001E2F88 /* Base */ = {isa = PBXFileReference; lastKnownFileType = file.storyboard; name = Base; path = Base.lproj/LaunchScreen.storyboard; sourceTree = "<group>"; };
		AC671A2F2BBDBF23001E2F88 /* Info.plist */ = {isa = PBXFileReference; lastKnownFileType = text.plist.xml; path = Info.plist; sourceTree = "<group>"; };
		AC671A352BBDC01B001E2F88 /* MainTabBarController.swift */ = {isa = PBXFileReference; lastKnownFileType = sourcecode.swift; path = MainTabBarController.swift; sourceTree = "<group>"; };
		AC671A372BBDC0D4001E2F88 /* SearchViewController.swift */ = {isa = PBXFileReference; lastKnownFileType = sourcecode.swift; path = SearchViewController.swift; sourceTree = "<group>"; };
		AC68D5CC2BBF250500F202E5 /* TrackModel.swift */ = {isa = PBXFileReference; lastKnownFileType = sourcecode.swift; path = TrackModel.swift; sourceTree = "<group>"; };
/* End PBXFileReference section */

/* Begin PBXFrameworksBuildPhase section */
		AC671A1B2BBDBF22001E2F88 /* Frameworks */ = {
			isa = PBXFrameworksBuildPhase;
			buildActionMask = 2147483647;
			files = (
			);
			runOnlyForDeploymentPostprocessing = 0;
		};
/* End PBXFrameworksBuildPhase section */

/* Begin PBXGroup section */
		AC671A152BBDBF22001E2F88 = {
			isa = PBXGroup;
			children = (
				AC671A202BBDBF22001E2F88 /* MusicBox */,
				AC671A1F2BBDBF22001E2F88 /* Products */,
			);
			sourceTree = "<group>";
		};
		AC671A1F2BBDBF22001E2F88 /* Products */ = {
			isa = PBXGroup;
			children = (
				AC671A1E2BBDBF22001E2F88 /* MusicBox.app */,
			);
			name = Products;
			sourceTree = "<group>";
		};
		AC671A202BBDBF22001E2F88 /* MusicBox */ = {
			isa = PBXGroup;
			children = (
				AC671A212BBDBF22001E2F88 /* AppDelegate.swift */,
				AC671A232BBDBF22001E2F88 /* SceneDelegate.swift */,
				AC671A252BBDBF22001E2F88 /* ViewController.swift */,
				AC671A352BBDC01B001E2F88 /* MainTabBarController.swift */,
				AC671A372BBDC0D4001E2F88 /* SearchViewController.swift */,
				AC68D5CC2BBF250500F202E5 /* TrackModel.swift */,
				AC671A272BBDBF22001E2F88 /* Main.storyboard */,
				AC671A2A2BBDBF23001E2F88 /* Assets.xcassets */,
				AC671A2C2BBDBF23001E2F88 /* LaunchScreen.storyboard */,
				AC671A2F2BBDBF23001E2F88 /* Info.plist */,
			);
			path = MusicBox;
			sourceTree = "<group>";
		};
/* End PBXGroup section */

/* Begin PBXNativeTarget section */
		AC671A1D2BBDBF22001E2F88 /* MusicBox */ = {
			isa = PBXNativeTarget;
			buildConfigurationList = AC671A322BBDBF23001E2F88 /* Build configuration list for PBXNativeTarget "MusicBox" */;
			buildPhases = (
				AC671A1A2BBDBF22001E2F88 /* Sources */,
				AC671A1B2BBDBF22001E2F88 /* Frameworks */,
				AC671A1C2BBDBF22001E2F88 /* Resources */,
			);
			buildRules = (
			);
			dependencies = (
			);
			name = MusicBox;
			productName = MusicBox;
			productReference = AC671A1E2BBDBF22001E2F88 /* MusicBox.app */;
			productType = "com.apple.product-type.application";
		};
/* End PBXNativeTarget section */

/* Begin PBXProject section */
		AC671A162BBDBF22001E2F88 /* Project object */ = {
			isa = PBXProject;
			attributes = {
				BuildIndependentTargetsInParallel = 1;
				LastSwiftUpdateCheck = 1530;
				LastUpgradeCheck = 1530;
				TargetAttributes = {
					AC671A1D2BBDBF22001E2F88 = {
						CreatedOnToolsVersion = 15.3;
					};
				};
			};
			buildConfigurationList = AC671A192BBDBF22001E2F88 /* Build configuration list for PBXProject "MusicBox" */;
			compatibilityVersion = "Xcode 14.0";
			developmentRegion = en;
			hasScannedForEncodings = 0;
			knownRegions = (
				en,
				Base,
			);
			mainGroup = AC671A152BBDBF22001E2F88;
			productRefGroup = AC671A1F2BBDBF22001E2F88 /* Products */;
			projectDirPath = "";
			projectRoot = "";
			targets = (
				AC671A1D2BBDBF22001E2F88 /* MusicBox */,
			);
		};
/* End PBXProject section */

/* Begin PBXResourcesBuildPhase section */
		AC671A1C2BBDBF22001E2F88 /* Resources */ = {
			isa = PBXResourcesBuildPhase;
			buildActionMask = 2147483647;
			files = (
				AC671A2B2BBDBF23001E2F88 /* Assets.xcassets in Resources */,
				AC671A2E2BBDBF23001E2F88 /* Base in Resources */,
				AC671A292BBDBF22001E2F88 /* Base in Resources */,
			);
			runOnlyForDeploymentPostprocessing = 0;
		};
/* End PBXResourcesBuildPhase section */

/* Begin PBXSourcesBuildPhase section */
		AC671A1A2BBDBF22001E2F88 /* Sources */ = {
			isa = PBXSourcesBuildPhase;
			buildActionMask = 2147483647;
			files = (
				AC671A382BBDC0D4001E2F88 /* SearchViewController.swift in Sources */,
				AC68D5CD2BBF250500F202E5 /* TrackModel.swift in Sources */,
				AC671A262BBDBF22001E2F88 /* ViewController.swift in Sources */,
				AC671A222BBDBF22001E2F88 /* AppDelegate.swift in Sources */,
				AC671A362BBDC01B001E2F88 /* MainTabBarController.swift in Sources */,
				AC671A242BBDBF22001E2F88 /* SceneDelegate.swift in Sources */,
			);
			runOnlyForDeploymentPostprocessing = 0;
		};
/* End PBXSourcesBuildPhase section */

/* Begin PBXVariantGroup section */
		AC671A272BBDBF22001E2F88 /* Main.storyboard */ = {
			isa = PBXVariantGroup;
			children = (
				AC671A282BBDBF22001E2F88 /* Base */,
			);
			name = Main.storyboard;
			sourceTree = "<group>";
		};
		AC671A2C2BBDBF23001E2F88 /* LaunchScreen.storyboard */ = {
			isa = PBXVariantGroup;
			children = (
				AC671A2D2BBDBF23001E2F88 /* Base */,
			);
			name = LaunchScreen.storyboard;
			sourceTree = "<group>";
		};
/* End PBXVariantGroup section */

/* Begin XCBuildConfiguration section */
		AC671A302BBDBF23001E2F88 /* Debug */ = {
			isa = XCBuildConfiguration;
			buildSettings = {
				ALWAYS_SEARCH_USER_PATHS = NO;
				ASSETCATALOG_COMPILER_GENERATE_SWIFT_ASSET_SYMBOL_EXTENSIONS = YES;
				CLANG_ANALYZER_NONNULL = YES;
				CLANG_ANALYZER_NUMBER_OBJECT_CONVERSION = YES_AGGRESSIVE;
				CLANG_CXX_LANGUAGE_STANDARD = "gnu++20";
				CLANG_ENABLE_MODULES = YES;
				CLANG_ENABLE_OBJC_ARC = YES;
				CLANG_ENABLE_OBJC_WEAK = YES;
				CLANG_WARN_BLOCK_CAPTURE_AUTORELEASING = YES;
				CLANG_WARN_BOOL_CONVERSION = YES;
				CLANG_WARN_COMMA = YES;
				CLANG_WARN_CONSTANT_CONVERSION = YES;
				CLANG_WARN_DEPRECATED_OBJC_IMPLEMENTATIONS = YES;
				CLANG_WARN_DIRECT_OBJC_ISA_USAGE = YES_ERROR;
				CLANG_WARN_DOCUMENTATION_COMMENTS = YES;
				CLANG_WARN_EMPTY_BODY = YES;
				CLANG_WARN_ENUM_CONVERSION = YES;
				CLANG_WARN_INFINITE_RECURSION = YES;
				CLANG_WARN_INT_CONVERSION = YES;
				CLANG_WARN_NON_LITERAL_NULL_CONVERSION = YES;
				CLANG_WARN_OBJC_IMPLICIT_RETAIN_SELF = YES;
				CLANG_WARN_OBJC_LITERAL_CONVERSION = YES;
				CLANG_WARN_OBJC_ROOT_CLASS = YES_ERROR;
				CLANG_WARN_QUOTED_INCLUDE_IN_FRAMEWORK_HEADER = YES;
				CLANG_WARN_RANGE_LOOP_ANALYSIS = YES;
				CLANG_WARN_STRICT_PROTOTYPES = YES;
				CLANG_WARN_SUSPICIOUS_MOVE = YES;
				CLANG_WARN_UNGUARDED_AVAILABILITY = YES_AGGRESSIVE;
				CLANG_WARN_UNREACHABLE_CODE = YES;
				CLANG_WARN__DUPLICATE_METHOD_MATCH = YES;
				COPY_PHASE_STRIP = NO;
				DEBUG_INFORMATION_FORMAT = dwarf;
				ENABLE_STRICT_OBJC_MSGSEND = YES;
				ENABLE_TESTABILITY = YES;
				ENABLE_USER_SCRIPT_SANDBOXING = YES;
				GCC_C_LANGUAGE_STANDARD = gnu17;
				GCC_DYNAMIC_NO_PIC = NO;
				GCC_NO_COMMON_BLOCKS = YES;
				GCC_OPTIMIZATION_LEVEL = 0;
				GCC_PREPROCESSOR_DEFINITIONS = (
					"DEBUG=1",
					"$(inherited)",
				);
				GCC_WARN_64_TO_32_BIT_CONVERSION = YES;
				GCC_WARN_ABOUT_RETURN_TYPE = YES_ERROR;
				GCC_WARN_UNDECLARED_SELECTOR = YES;
				GCC_WARN_UNINITIALIZED_AUTOS = YES_AGGRESSIVE;
				GCC_WARN_UNUSED_FUNCTION = YES;
				GCC_WARN_UNUSED_VARIABLE = YES;
				IPHONEOS_DEPLOYMENT_TARGET = 17.4;
				LOCALIZATION_PREFERS_STRING_CATALOGS = YES;
				MTL_ENABLE_DEBUG_INFO = INCLUDE_SOURCE;
				MTL_FAST_MATH = YES;
				ONLY_ACTIVE_ARCH = YES;
				SDKROOT = iphoneos;
				SWIFT_ACTIVE_COMPILATION_CONDITIONS = "DEBUG $(inherited)";
				SWIFT_OPTIMIZATION_LEVEL = "-Onone";
			};
			name = Debug;
		};
		AC671A312BBDBF23001E2F88 /* Release */ = {
			isa = XCBuildConfiguration;
			buildSettings = {
				ALWAYS_SEARCH_USER_PATHS = NO;
				ASSETCATALOG_COMPILER_GENERATE_SWIFT_ASSET_SYMBOL_EXTENSIONS = YES;
				CLANG_ANALYZER_NONNULL = YES;
				CLANG_ANALYZER_NUMBER_OBJECT_CONVERSION = YES_AGGRESSIVE;
				CLANG_CXX_LANGUAGE_STANDARD = "gnu++20";
				CLANG_ENABLE_MODULES = YES;
				CLANG_ENABLE_OBJC_ARC = YES;
				CLANG_ENABLE_OBJC_WEAK = YES;
				CLANG_WARN_BLOCK_CAPTURE_AUTORELEASING = YES;
				CLANG_WARN_BOOL_CONVERSION = YES;
				CLANG_WARN_COMMA = YES;
				CLANG_WARN_CONSTANT_CONVERSION = YES;
				CLANG_WARN_DEPRECATED_OBJC_IMPLEMENTATIONS = YES;
				CLANG_WARN_DIRECT_OBJC_ISA_USAGE = YES_ERROR;
				CLANG_WARN_DOCUMENTATION_COMMENTS = YES;
				CLANG_WARN_EMPTY_BODY = YES;
				CLANG_WARN_ENUM_CONVERSION = YES;
				CLANG_WARN_INFINITE_RECURSION = YES;
				CLANG_WARN_INT_CONVERSION = YES;
				CLANG_WARN_NON_LITERAL_NULL_CONVERSION = YES;
				CLANG_WARN_OBJC_IMPLICIT_RETAIN_SELF = YES;
				CLANG_WARN_OBJC_LITERAL_CONVERSION = YES;
				CLANG_WARN_OBJC_ROOT_CLASS = YES_ERROR;
				CLANG_WARN_QUOTED_INCLUDE_IN_FRAMEWORK_HEADER = YES;
				CLANG_WARN_RANGE_LOOP_ANALYSIS = YES;
				CLANG_WARN_STRICT_PROTOTYPES = YES;
				CLANG_WARN_SUSPICIOUS_MOVE = YES;
				CLANG_WARN_UNGUARDED_AVAILABILITY = YES_AGGRESSIVE;
				CLANG_WARN_UNREACHABLE_CODE = YES;
				CLANG_WARN__DUPLICATE_METHOD_MATCH = YES;
				COPY_PHASE_STRIP = NO;
				DEBUG_INFORMATION_FORMAT = "dwarf-with-dsym";
				ENABLE_NS_ASSERTIONS = NO;
				ENABLE_STRICT_OBJC_MSGSEND = YES;
				ENABLE_USER_SCRIPT_SANDBOXING = YES;
				GCC_C_LANGUAGE_STANDARD = gnu17;
				GCC_NO_COMMON_BLOCKS = YES;
				GCC_WARN_64_TO_32_BIT_CONVERSION = YES;
				GCC_WARN_ABOUT_RETURN_TYPE = YES_ERROR;
				GCC_WARN_UNDECLARED_SELECTOR = YES;
				GCC_WARN_UNINITIALIZED_AUTOS = YES_AGGRESSIVE;
				GCC_WARN_UNUSED_FUNCTION = YES;
				GCC_WARN_UNUSED_VARIABLE = YES;
				IPHONEOS_DEPLOYMENT_TARGET = 17.4;
				LOCALIZATION_PREFERS_STRING_CATALOGS = YES;
				MTL_ENABLE_DEBUG_INFO = NO;
				MTL_FAST_MATH = YES;
				SDKROOT = iphoneos;
				SWIFT_COMPILATION_MODE = wholemodule;
				VALIDATE_PRODUCT = YES;
			};
			name = Release;
		};
		AC671A332BBDBF23001E2F88 /* Debug */ = {
			isa = XCBuildConfiguration;
			buildSettings = {
				ASSETCATALOG_COMPILER_APPICON_NAME = AppIcon;
				ASSETCATALOG_COMPILER_GLOBAL_ACCENT_COLOR_NAME = AccentColor;
				CODE_SIGN_STYLE = Automatic;
				CURRENT_PROJECT_VERSION = 1;
				DEVELOPMENT_TEAM = 7A9RB7PS5X;
				GENERATE_INFOPLIST_FILE = YES;
				INFOPLIST_FILE = MusicBox/Info.plist;
				INFOPLIST_KEY_UIApplicationSupportsIndirectInputEvents = YES;
				INFOPLIST_KEY_UILaunchStoryboardName = LaunchScreen;
				INFOPLIST_KEY_UIMainStoryboardFile = Main;
				INFOPLIST_KEY_UISupportedInterfaceOrientations_iPad = "UIInterfaceOrientationPortrait UIInterfaceOrientationPortraitUpsideDown UIInterfaceOrientationLandscapeLeft UIInterfaceOrientationLandscapeRight";
				INFOPLIST_KEY_UISupportedInterfaceOrientations_iPhone = "UIInterfaceOrientationPortrait UIInterfaceOrientationLandscapeLeft UIInterfaceOrientationLandscapeRight";
				LD_RUNPATH_SEARCH_PATHS = (
					"$(inherited)",
					"@executable_path/Frameworks",
				);
				MARKETING_VERSION = 1.0;
				PRODUCT_BUNDLE_IDENTIFIER = artem.tkachev.MusicBox;
				PRODUCT_NAME = "$(TARGET_NAME)";
				SWIFT_EMIT_LOC_STRINGS = YES;
				SWIFT_VERSION = 5.0;
				TARGETED_DEVICE_FAMILY = "1,2";
			};
			name = Debug;
		};
		AC671A342BBDBF23001E2F88 /* Release */ = {
			isa = XCBuildConfiguration;
			buildSettings = {
				ASSETCATALOG_COMPILER_APPICON_NAME = AppIcon;
				ASSETCATALOG_COMPILER_GLOBAL_ACCENT_COLOR_NAME = AccentColor;
				CODE_SIGN_STYLE = Automatic;
				CURRENT_PROJECT_VERSION = 1;
				DEVELOPMENT_TEAM = 7A9RB7PS5X;
				GENERATE_INFOPLIST_FILE = YES;
				INFOPLIST_FILE = MusicBox/Info.plist;
				INFOPLIST_KEY_UIApplicationSupportsIndirectInputEvents = YES;
				INFOPLIST_KEY_UILaunchStoryboardName = LaunchScreen;
				INFOPLIST_KEY_UIMainStoryboardFile = Main;
				INFOPLIST_KEY_UISupportedInterfaceOrientations_iPad = "UIInterfaceOrientationPortrait UIInterfaceOrientationPortraitUpsideDown UIInterfaceOrientationLandscapeLeft UIInterfaceOrientationLandscapeRight";
				INFOPLIST_KEY_UISupportedInterfaceOrientations_iPhone = "UIInterfaceOrientationPortrait UIInterfaceOrientationLandscapeLeft UIInterfaceOrientationLandscapeRight";
				LD_RUNPATH_SEARCH_PATHS = (
					"$(inherited)",
					"@executable_path/Frameworks",
				);
				MARKETING_VERSION = 1.0;
				PRODUCT_BUNDLE_IDENTIFIER = artem.tkachev.MusicBox;
				PRODUCT_NAME = "$(TARGET_NAME)";
				SWIFT_EMIT_LOC_STRINGS = YES;
				SWIFT_VERSION = 5.0;
				TARGETED_DEVICE_FAMILY = "1,2";
			};
			name = Release;
		};
/* End XCBuildConfiguration section */

/* Begin XCConfigurationList section */
		AC671A192BBDBF22001E2F88 /* Build configuration list for PBXProject "MusicBox" */ = {
			isa = XCConfigurationList;
			buildConfigurations = (
				AC671A302BBDBF23001E2F88 /* Debug */,
				AC671A312BBDBF23001E2F88 /* Release */,
			);
			defaultConfigurationIsVisible = 0;
			defaultConfigurationName = Release;
		};
		AC671A322BBDBF23001E2F88 /* Build configuration list for PBXNativeTarget "MusicBox" */ = {
			isa = XCConfigurationList;
			buildConfigurations = (
				AC671A332BBDBF23001E2F88 /* Debug */,
				AC671A342BBDBF23001E2F88 /* Release */,
			);
			defaultConfigurationIsVisible = 0;
			defaultConfigurationName = Release;
		};
/* End XCConfigurationList section */
	};
	rootObject = AC671A162BBDBF22001E2F88 /* Project object */;
}
